PODS:
  - SwiftyMimes (0.0.3)

DEPENDENCIES:
  - SwiftyMimes (from `https://github.com/hiimtmac/SwiftyMimes.git`)

EXTERNAL SOURCES:
  SwiftyMimes:
    :git: https://github.com/hiimtmac/SwiftyMimes.git

CHECKOUT OPTIONS:
  SwiftyMimes:
    :commit: 8f6779733f0b3f5df03d7567623b3dbb5be6c66f
    :git: https://github.com/hiimtmac/SwiftyMimes.git

SPEC CHECKSUMS:
  SwiftyMimes: 73f91a3d22167bf9bb858c6705ad40c4837937c3

PODFILE CHECKSUM: 0f638546767febc5bf779d19f70c9f040b807472

COCOAPODS: 1.5.3
